%{"cowboy": {:hex, :cowboy, "1.0.0"},
  "cowlib": {:hex, :cowlib, "1.0.0"},
  "linguist": {:hex, :linguist, "0.1.4"},
  "phoenix": {:git, "git://github.com/phoenixframework/phoenix.git", "3a87a92cf331f919561f67809671dcbd8f73e1af", []},
  "plug": {:git, "git://github.com/elixir-lang/plug.git", "e19e6c08463980732bdbb1ccc39b384bde57279b", []},
  "poison": {:hex, :poison, "1.2.0"},
  "ranch": {:hex, :ranch, "1.0.0"}}
